
Microsoft Visual Studio Solution File, Format Version 12.00
# Visual Studio 15
VisualStudioVersion = 15.0.27004.2005
MinimumVisualStudioVersion = 10.0.40219.1
Project("{FAE04EC0-301F-11D3-BF4B-00C04F79EFBC}") = "LoggingTest", "LoggingTest\LoggingTest.csproj", "{2163D9C2-738A-45EF-BBEF-B48C2F5A88F8}"
EndProject
Global
	GlobalSection(SolutionConfigurationPlatforms) = preSolution
		Debug|Any CPU = Debug|Any CPU
		Release|Any CPU = Release|Any CPU
	EndGlobalSection
	GlobalSection(ProjectConfigurationPlatforms) = postSolution
		{2163D9C2-738A-45EF-BBEF-B48C2F5A88F8}.Debug|Any CPU.ActiveCfg = Debug|Any CPU
		{2163D9C2-738A-45EF-BBEF-B48C2F5A88F8}.Debug|Any CPU.Build.0 = Debug|Any CPU
		{2163D9C2-738A-45EF-BBEF-B48C2F5A88F8}.Release|Any CPU.ActiveCfg = Release|Any CPU
		{2163D9C2-738A-45EF-BBEF-B48C2F5A88F8}.Release|Any CPU.Build.0 = Release|Any CPU
	EndGlobalSection
	GlobalSection(SolutionProperties) = preSolution
		HideSolutionNode = FALSE
	EndGlobalSection
	GlobalSection(ExtensibilityGlobals) = postSolution
		SolutionGuid = {0B6B12F8-4768-4F38-A136-C66FCEB665FB}
	EndGlobalSection
EndGlobal
